
Microsoft Visual Studio Solution File, Format Version 12.00
# Visual Studio Version 17
VisualStudioVersion = 17.6.33815.320
MinimumVisualStudioVersion = 10.0.40219.1
Project("{9A19103F-16F7-4668-BE54-9A1E7A4F7556}") = "DueDateCalculator", "DueDateCalculator.csproj", "{DB31B908-273D-4721-8E0B-4ED939969E99}"
EndProject
Global
	GlobalSection(SolutionConfigurationPlatforms) = preSolution
		Debug|Any CPU = Debug|Any CPU
		Release|Any CPU = Release|Any CPU
	EndGlobalSection
	GlobalSection(ProjectConfigurationPlatforms) = postSolution
		{DB31B908-273D-4721-8E0B-4ED939969E99}.Debug|Any CPU.ActiveCfg = Debug|Any CPU
		{DB31B908-273D-4721-8E0B-4ED939969E99}.Debug|Any CPU.Build.0 = Debug|Any CPU
		{DB31B908-273D-4721-8E0B-4ED939969E99}.Release|Any CPU.ActiveCfg = Release|Any CPU
		{DB31B908-273D-4721-8E0B-4ED939969E99}.Release|Any CPU.Build.0 = Release|Any CPU
	EndGlobalSection
	GlobalSection(SolutionProperties) = preSolution
		HideSolutionNode = FALSE
	EndGlobalSection
	GlobalSection(ExtensibilityGlobals) = postSolution
		SolutionGuid = {7DAFC02A-91EC-4279-A7BA-F6A1FCD3CFCA}
	EndGlobalSection
EndGlobal
